<?xml version="1.0" encoding="utf-8"?>
<Project ToolsVersion="4.0" xmlns="http://schemas.microsoft.com/developer/msbuild/2003">
  <ItemGroup>
    <ClCompile Include="AISystem.cpp" />
    <ClCompile Include="Animation.cpp" />
    <ClCompile Include="AudioManager.cpp" />
    <ClCompile Include="Assets.cpp" />
    <ClCompile Include="Client.cpp" />
    <ClCompile Include="CollisionSystem.cpp" />
    <ClCompile Include="CombatSystem.cpp" />
    <ClCompile Include="ControlSystem.cpp" />
    <ClCompile Include="Credits.cpp" />
    <ClCompile Include="Die.cpp" />
    <ClCompile Include="Fuzzy.cpp" />
    <ClCompile Include="Game.cpp" />
    <ClCompile Include="GameOver.cpp" />
    <ClCompile Include="Idle.cpp" />
    <ClCompile Include="JumpLeft.cpp" />
    <ClCompile Include="JumpRight.cpp" />
    <ClCompile Include="Left.cpp" />
    <ClCompile Include="LifeSystem.cpp" />
    <ClCompile Include="Lobby.cpp" />
    <ClCompile Include="main.cpp" />
    <ClCompile Include="menu.cpp" />
    <ClCompile Include="Level.cpp" />
    <ClCompile Include="LTexture.cpp" />
    <ClCompile Include="Particle.cpp" />
    <ClCompile Include="PhysicsSystem.cpp" />
    <ClCompile Include="Projectile.cpp" />
    <ClCompile Include="RenderSystem.cpp" />
    <ClCompile Include="Right.cpp" />
    <ClCompile Include="SeekerProjectile.cpp" />
    <ClCompile Include="splash.cpp" />
  </ItemGroup>
  <ItemGroup>
    <ClInclude Include="AIComponent.h" />
    <ClInclude Include="Credits.h" />
    <ClInclude Include="VelComponent.h" />
    <ClInclude Include="AISystem.h" />
    <ClInclude Include="AmmoComponent.h" />
    <ClInclude Include="AmmoSystem.h" />
    <ClInclude Include="Animation.h" />
    <ClInclude Include="AudioManager.h" />
    <ClInclude Include="Assets.h" />
    <ClInclude Include="Client.h" />
    <ClInclude Include="CollisionComp.h" />
    <ClInclude Include="CollisionSystem.h" />
    <ClInclude Include="CombatSystem.h" />
    <ClInclude Include="Component.h" />
    <ClInclude Include="ControlComponent.h" />
    <ClInclude Include="ControlSystem.h" />
    <ClInclude Include="Die.h" />
    <ClInclude Include="EntityComponent.h" />
    <ClInclude Include="Factory.h" />
    <ClInclude Include="FlagComponent.h" />
    <ClInclude Include="Fuzzy.h" />
    <ClInclude Include="Game.h" />
    <ClInclude Include="GameOver.h" />
    <ClInclude Include="Idle.h" />
    <ClInclude Include="JumpLeft.h" />
    <ClInclude Include="JumpRight.h" />
    <ClInclude Include="Left.h" />
    <ClInclude Include="LifeComponent.h" />
    <ClInclude Include="LifeSystem.h" />
    <ClInclude Include="Lobby.h" />
    <ClInclude Include="menu.h" />
    <ClInclude Include="Level.h" />
    <ClInclude Include="LTexture.h" />
    <ClInclude Include="Particle.h" />
    <ClInclude Include="ParticleComponent.h" />
    <ClInclude Include="ParticleSystem.h" />
    <ClInclude Include="PhysicsSystem.h" />
    <ClInclude Include="PickUpComponent.h" />
    <ClInclude Include="PositionComponent.h" />
    <ClInclude Include="PositionSystem.h" />
    <ClInclude Include="PowerUp.h" />
    <ClInclude Include="Projectile.h" />
    <ClInclude Include="RenderSystem.h" />
    <ClInclude Include="Right.h" />
    <ClInclude Include="ScoreComponent.h" />
    <ClInclude Include="SeekerProjectile.h" />
    <ClInclude Include="splash.h" />
    <ClInclude Include="SpriteComponent.h" />
    <ClInclude Include="State.h" />
  </ItemGroup>
  <ItemGroup>
    <Image Include="Left.bmp" />
  </ItemGroup>
</Project>